
Microsoft Visual Studio Solution File, Format Version 12.00
# Visual Studio Version 17
VisualStudioVersion = 17.14.36109.1
MinimumVisualStudioVersion = 10.0.40219.1
Project("{FAE04EC0-301F-11D3-BF4B-00C04F79EFBC}") = "HFP.Entrance", "HFP.Entrance\HFP.Entrance.csproj", "{45A00EBA-FCC2-42F9-886B-F3B8C67B89A6}"
EndProject
Global
	GlobalSection(SolutionConfigurationPlatforms) = preSolution
		Debug|Any CPU = Debug|Any CPU
		Release|Any CPU = Release|Any CPU
	EndGlobalSection
	GlobalSection(ProjectConfigurationPlatforms) = postSolution
		{45A00EBA-FCC2-42F9-886B-F3B8C67B89A6}.Debug|Any CPU.ActiveCfg = Debug|Any CPU
		{45A00EBA-FCC2-42F9-886B-F3B8C67B89A6}.Debug|Any CPU.Build.0 = Debug|Any CPU
		{45A00EBA-FCC2-42F9-886B-F3B8C67B89A6}.Release|Any CPU.ActiveCfg = Release|Any CPU
		{45A00EBA-FCC2-42F9-886B-F3B8C67B89A6}.Release|Any CPU.Build.0 = Release|Any CPU
	EndGlobalSection
	GlobalSection(SolutionProperties) = preSolution
		HideSolutionNode = FALSE
	EndGlobalSection
	GlobalSection(ExtensibilityGlobals) = postSolution
		SolutionGuid = {307131EC-EEBC-4E20-A8A5-E1FB4F39EE32}
	EndGlobalSection
EndGlobal
